
Microsoft Visual Studio Solution File, Format Version 12.00
# Visual Studio Version 17
VisualStudioVersion = 17.5.33424.131
MinimumVisualStudioVersion = 10.0.40219.1
Project("{FAE04EC0-301F-11D3-BF4B-00C04F79EFBC}") = "NewChess", "NewChess.csproj", "{0680E0F8-9B16-488E-8FCD-B933F28F6D0B}"
EndProject
Global
	GlobalSection(SolutionConfigurationPlatforms) = preSolution
		Debug|Any CPU = Debug|Any CPU
		Release|Any CPU = Release|Any CPU
	EndGlobalSection
	GlobalSection(ProjectConfigurationPlatforms) = postSolution
		{0680E0F8-9B16-488E-8FCD-B933F28F6D0B}.Debug|Any CPU.ActiveCfg = Debug|Any CPU
		{0680E0F8-9B16-488E-8FCD-B933F28F6D0B}.Debug|Any CPU.Build.0 = Debug|Any CPU
		{0680E0F8-9B16-488E-8FCD-B933F28F6D0B}.Release|Any CPU.ActiveCfg = Release|Any CPU
		{0680E0F8-9B16-488E-8FCD-B933F28F6D0B}.Release|Any CPU.Build.0 = Release|Any CPU
	EndGlobalSection
	GlobalSection(SolutionProperties) = preSolution
		HideSolutionNode = FALSE
	EndGlobalSection
	GlobalSection(ExtensibilityGlobals) = postSolution
		SolutionGuid = {980D67E8-A743-4418-A34D-55EAD24605C3}
	EndGlobalSection
EndGlobal
